// !$*UTF8*$!
{
	archiveVersion = 1;
	classes = {
	};
	objectVersion = 46;
	objects = {

/* Begin PBXBuildFile section */
		211B2F9116FEDFDD002F5FD7 /* paper_preview_1.png in Resources */ = {isa = PBXBuildFile; fileRef = 211B2F8B16FEDFDB002F5FD7 /* paper_preview_1.png */; };
		211B2F9216FEDFDD002F5FD7 /* paper_preview_2.png in Resources */ = {isa = PBXBuildFile; fileRef = 211B2F8C16FEDFDB002F5FD7 /* paper_preview_2.png */; };
		211B2F9316FEDFDD002F5FD7 /* paper_preview_3.png in Resources */ = {isa = PBXBuildFile; fileRef = 211B2F8D16FEDFDC002F5FD7 /* paper_preview_3.png */; };
		211B2F9416FEDFDD002F5FD7 /* paper_preview_4.png in Resources */ = {isa = PBXBuildFile; fileRef = 211B2F8E16FEDFDC002F5FD7 /* paper_preview_4.png */; };
		211B2F9516FEDFDD002F5FD7 /* paper_preview_5.png in Resources */ = {isa = PBXBuildFile; fileRef = 211B2F8F16FEDFDC002F5FD7 /* paper_preview_5.png */; };
		211B2F9616FEDFDD002F5FD7 /* paper_preview_6.png in Resources */ = {isa = PBXBuildFile; fileRef = 211B2F9016FEDFDC002F5FD7 /* paper_preview_6.png */; };
		211B2F9A16FFDCEF002F5FD7 /* select_box0.png in Resources */ = {isa = PBXBuildFile; fileRef = 211B2F9916FFDCEF002F5FD7 /* select_box0.png */; };
		211B2F9C16FFE761002F5FD7 /* paper_preview_0.png in Resources */ = {isa = PBXBuildFile; fileRef = 211B2F9B16FFE760002F5FD7 /* paper_preview_0.png */; };
		211B2F9F17004868002F5FD7 /* QuartzCore.framework in Frameworks */ = {isa = PBXBuildFile; fileRef = 211B2F9D17004789002F5FD7 /* QuartzCore.framework */; };
		2142086A16F000990097FCE3 /* navi_album01_off.png in Resources */ = {isa = PBXBuildFile; fileRef = 2142086216F000990097FCE3 /* navi_album01_off.png */; };
		2142086C16F000990097FCE3 /* navi_album02_off.png in Resources */ = {isa = PBXBuildFile; fileRef = 2142086416F000990097FCE3 /* navi_album02_off.png */; };
		2142086E16F000990097FCE3 /* navi_album03_off.png in Resources */ = {isa = PBXBuildFile; fileRef = 2142086616F000990097FCE3 /* navi_album03_off.png */; };
		2142087016F000990097FCE3 /* navi_album04_off.png in Resources */ = {isa = PBXBuildFile; fileRef = 2142086816F000990097FCE3 /* navi_album04_off.png */; };
		21541A0416F2C1BB005F06B6 /* album_main_ip4.png in Resources */ = {isa = PBXBuildFile; fileRef = 21541A0216F2C1BB005F06B6 /* album_main_ip4.png */; };
		21541A0516F2C1BB005F06B6 /* album_sub_ip4.png in Resources */ = {isa = PBXBuildFile; fileRef = 21541A0316F2C1BB005F06B6 /* album_sub_ip4.png */; };
		215EF5DC16E487EB0043C029 /* AssetsLibrary.framework in Frameworks */ = {isa = PBXBuildFile; fileRef = 215EF5DB16E487EB0043C029 /* AssetsLibrary.framework */; };
		215EF5EA16E48F6D0043C029 /* ThumbnailHighlight.png in Resources */ = {isa = PBXBuildFile; fileRef = 215EF5E716E48F6D0043C029 /* ThumbnailHighlight.png */; };
		215EF5EB16E48F6D0043C029 /* ThumbnailImageView.m in Sources */ = {isa = PBXBuildFile; fileRef = 215EF5E916E48F6D0043C029 /* ThumbnailImageView.m */; };
		215EF5F416E496450043C029 /* AlbumContentsViewController.m in Sources */ = {isa = PBXBuildFile; fileRef = 215EF5F216E496440043C029 /* AlbumContentsViewController.m */; };
		215EF5F516E496450043C029 /* AlbumContentsViewController.xib in Resources */ = {isa = PBXBuildFile; fileRef = 215EF5F316E496450043C029 /* AlbumContentsViewController.xib */; };
		215EF5F916E4968C0043C029 /* AlbumContentsTableViewCell.m in Sources */ = {isa = PBXBuildFile; fileRef = 215EF5F716E4968C0043C029 /* AlbumContentsTableViewCell.m */; };
		215EF5FA16E4968C0043C029 /* AlbumContentsTableViewCell.xib in Resources */ = {isa = PBXBuildFile; fileRef = 215EF5F816E4968C0043C029 /* AlbumContentsTableViewCell.xib */; };
		215EF5FC16E591620043C029 /* 1rg1024_Film.png in Resources */ = {isa = PBXBuildFile; fileRef = 215EF5FB16E591620043C029 /* 1rg1024_Film.png */; };
		21B3B51716E43C76008A1D15 /* UIKit.framework in Frameworks */ = {isa = PBXBuildFile; fileRef = 21B3B51616E43C76008A1D15 /* UIKit.framework */; };
		21B3B51916E43C76008A1D15 /* Foundation.framework in Frameworks */ = {isa = PBXBuildFile; fileRef = 21B3B51816E43C76008A1D15 /* Foundation.framework */; };
		21B3B51B16E43C76008A1D15 /* CoreGraphics.framework in Frameworks */ = {isa = PBXBuildFile; fileRef = 21B3B51A16E43C76008A1D15 /* CoreGraphics.framework */; };
		21B3B52116E43C76008A1D15 /* InfoPlist.strings in Resources */ = {isa = PBXBuildFile; fileRef = 21B3B51F16E43C76008A1D15 /* InfoPlist.strings */; };
		21B3B52316E43C76008A1D15 /* main.m in Sources */ = {isa = PBXBuildFile; fileRef = 21B3B52216E43C76008A1D15 /* main.m */; };
		21B3B52716E43C76008A1D15 /* VenusAppDelegate.m in Sources */ = {isa = PBXBuildFile; fileRef = 21B3B52616E43C76008A1D15 /* VenusAppDelegate.m */; };
		21B3B52916E43C76008A1D15 /* Default.png in Resources */ = {isa = PBXBuildFile; fileRef = 21B3B52816E43C76008A1D15 /* Default.png */; };
		21B3B52B16E43C76008A1D15 /* Default@2x.png in Resources */ = {isa = PBXBuildFile; fileRef = 21B3B52A16E43C76008A1D15 /* Default@2x.png */; };
		21B3B52D16E43C76008A1D15 /* Default-568h@2x.png in Resources */ = {isa = PBXBuildFile; fileRef = 21B3B52C16E43C76008A1D15 /* Default-568h@2x.png */; };
		21B3B54916E44C95008A1D15 /* VenusMainViewController.m in Sources */ = {isa = PBXBuildFile; fileRef = 21B3B54716E44C95008A1D15 /* VenusMainViewController.m */; };
		21B3B54A16E44C95008A1D15 /* VenusMainViewController.xib in Resources */ = {isa = PBXBuildFile; fileRef = 21B3B54816E44C95008A1D15 /* VenusMainViewController.xib */; };
		21B3B54E16E46B97008A1D15 /* VenusFilmGroupViewController.m in Sources */ = {isa = PBXBuildFile; fileRef = 21B3B54C16E46B96008A1D15 /* VenusFilmGroupViewController.m */; };
		21B3B54F16E46B97008A1D15 /* VenusFilmGroupViewController.xib in Resources */ = {isa = PBXBuildFile; fileRef = 21B3B54D16E46B97008A1D15 /* VenusFilmGroupViewController.xib */; };
		E61A832E1701B4490062071F /* VenusScroll.m in Sources */ = {isa = PBXBuildFile; fileRef = E61A832D1701B4490062071F /* VenusScroll.m */; };
		E61A8330170311680062071F /* progress_fill_1.png in Resources */ = {isa = PBXBuildFile; fileRef = E61A832F170311680062071F /* progress_fill_1.png */; };
		E61A83331703118C0062071F /* VenusProgressViewController.m in Sources */ = {isa = PBXBuildFile; fileRef = E61A83321703118C0062071F /* VenusProgressViewController.m */; };
		E61A833C170338C50062071F /* progress_fill_2.png in Resources */ = {isa = PBXBuildFile; fileRef = E61A833B170338C50062071F /* progress_fill_2.png */; };
		E61A833F1703CF630062071F /* chemicalAnimation.m in Sources */ = {isa = PBXBuildFile; fileRef = E61A833E1703CF630062071F /* chemicalAnimation.m */; };
		E61A83411709CD0E0062071F /* film_table_ip4.png in Resources */ = {isa = PBXBuildFile; fileRef = E61A83401709CD0E0062071F /* film_table_ip4.png */; };
		E623415B16F965BE0003FB52 /* select_bg_left_ip4.png in Resources */ = {isa = PBXBuildFile; fileRef = E623415916F965BE0003FB52 /* select_bg_left_ip4.png */; };
		E623415C16F965BE0003FB52 /* select_bg_right_ip4.png in Resources */ = {isa = PBXBuildFile; fileRef = E623415A16F965BE0003FB52 /* select_bg_right_ip4.png */; };
		E623415F16F969130003FB52 /* 01_1main_off_ip4.png in Resources */ = {isa = PBXBuildFile; fileRef = E623415D16F969130003FB52 /* 01_1main_off_ip4.png */; };
		E623416016F969130003FB52 /* 01_1main_on_ip4.png in Resources */ = {isa = PBXBuildFile; fileRef = E623415E16F969130003FB52 /* 01_1main_on_ip4.png */; };
		E623416716F974950003FB52 /* title_on_ip4.png in Resources */ = {isa = PBXBuildFile; fileRef = E623416516F974950003FB52 /* title_on_ip4.png */; };
		E623416A16F974D40003FB52 /* title_off_ip4.png in Resources */ = {isa = PBXBuildFile; fileRef = E623416916F974D40003FB52 /* title_off_ip4.png */; };
		E623416D16F9873B0003FB52 /* select_bar_ip4.png in Resources */ = {isa = PBXBuildFile; fileRef = E623416B16F9873B0003FB52 /* select_bar_ip4.png */; };
		E623416E16F9873B0003FB52 /* select_steel_ip4.png in Resources */ = {isa = PBXBuildFile; fileRef = E623416C16F9873B0003FB52 /* select_steel_ip4.png */; };
		E623417216F995570003FB52 /* navi_select2_off_ip4.png in Resources */ = {isa = PBXBuildFile; fileRef = E623416F16F995570003FB52 /* navi_select2_off_ip4.png */; };
		E623417316F995570003FB52 /* navi_reset_off_ip4.png in Resources */ = {isa = PBXBuildFile; fileRef = E623417016F995570003FB52 /* navi_reset_off_ip4.png */; };
		E623417416F995570003FB52 /* navi_info2_off_ip4.png in Resources */ = {isa = PBXBuildFile; fileRef = E623417116F995570003FB52 /* navi_info2_off_ip4.png */; };
		E623418D16F9E7430003FB52 /* select_box1.png in Resources */ = {isa = PBXBuildFile; fileRef = E623417616F9E7430003FB52 /* select_box1.png */; };
		E623418E16F9E7430003FB52 /* select_box2.png in Resources */ = {isa = PBXBuildFile; fileRef = E623417716F9E7430003FB52 /* select_box2.png */; };
		E623418F16F9E7430003FB52 /* select_box3.png in Resources */ = {isa = PBXBuildFile; fileRef = E623417816F9E7430003FB52 /* select_box3.png */; };
		E623419016F9E7430003FB52 /* select_box4.png in Resources */ = {isa = PBXBuildFile; fileRef = E623417916F9E7430003FB52 /* select_box4.png */; };
		E623419116F9E7430003FB52 /* select_box5.png in Resources */ = {isa = PBXBuildFile; fileRef = E623417A16F9E7430003FB52 /* select_box5.png */; };
		E623419216F9E7430003FB52 /* select_box6.png in Resources */ = {isa = PBXBuildFile; fileRef = E623417B16F9E7430003FB52 /* select_box6.png */; };
		E623419316F9E7430003FB52 /* paper1.png in Resources */ = {isa = PBXBuildFile; fileRef = E623417D16F9E7430003FB52 /* paper1.png */; };
		E623419416F9E7430003FB52 /* paper2.png in Resources */ = {isa = PBXBuildFile; fileRef = E623417E16F9E7430003FB52 /* paper2.png */; };
		E623419516F9E7430003FB52 /* paper3.png in Resources */ = {isa = PBXBuildFile; fileRef = E623417F16F9E7430003FB52 /* paper3.png */; };
		E623419616F9E7430003FB52 /* paper4.png in Resources */ = {isa = PBXBuildFile; fileRef = E623418016F9E7430003FB52 /* paper4.png */; };
		E623419716F9E7430003FB52 /* paper5.png in Resources */ = {isa = PBXBuildFile; fileRef = E623418116F9E7430003FB52 /* paper5.png */; };
		E623419816F9E7430003FB52 /* paper6.png in Resources */ = {isa = PBXBuildFile; fileRef = E623418216F9E7430003FB52 /* paper6.png */; };
		E623419916F9E7430003FB52 /* select_solution01.png in Resources */ = {isa = PBXBuildFile; fileRef = E623418416F9E7430003FB52 /* select_solution01.png */; };
		E623419A16F9E7430003FB52 /* select_solution02.png in Resources */ = {isa = PBXBuildFile; fileRef = E623418516F9E7430003FB52 /* select_solution02.png */; };
		E623419B16F9E7430003FB52 /* select_solution03.png in Resources */ = {isa = PBXBuildFile; fileRef = E623418616F9E7430003FB52 /* select_solution03.png */; };
		E623419C16F9E7430003FB52 /* select_solution04.png in Resources */ = {isa = PBXBuildFile; fileRef = E623418716F9E7430003FB52 /* select_solution04.png */; };
		E623419D16F9E7430003FB52 /* select_solution05.png in Resources */ = {isa = PBXBuildFile; fileRef = E623418816F9E7430003FB52 /* select_solution05.png */; };
		E623419E16F9E7430003FB52 /* select_solution06.png in Resources */ = {isa = PBXBuildFile; fileRef = E623418916F9E7430003FB52 /* select_solution06.png */; };
		E623419F16F9E7430003FB52 /* select_solution07.png in Resources */ = {isa = PBXBuildFile; fileRef = E623418A16F9E7430003FB52 /* select_solution07.png */; };
		E62341A016F9E7430003FB52 /* select_solution08.png in Resources */ = {isa = PBXBuildFile; fileRef = E623418B16F9E7430003FB52 /* select_solution08.png */; };
		E62341A116F9E7430003FB52 /* select_solution09.png in Resources */ = {isa = PBXBuildFile; fileRef = E623418C16F9E7430003FB52 /* select_solution09.png */; };
		E62341A316FA0B890003FB52 /* beaker_off_ip4.png in Resources */ = {isa = PBXBuildFile; fileRef = E62341A216FA0B890003FB52 /* beaker_off_ip4.png */; };
		E62341A516FA151F0003FB52 /* stee_big_off_ip4.png in Resources */ = {isa = PBXBuildFile; fileRef = E62341A416FA151F0003FB52 /* stee_big_off_ip4.png */; };
		E62341A716FA99640003FB52 /* pincette_off_ip4.png in Resources */ = {isa = PBXBuildFile; fileRef = E62341A616FA99640003FB52 /* pincette_off_ip4.png */; };
		E62341AE16FAD3290003FB52 /* VenusSelectDetailViewController.m in Sources */ = {isa = PBXBuildFile; fileRef = E62341AC16FAD3290003FB52 /* VenusSelectDetailViewController.m */; };
		E62341AF16FAD3290003FB52 /* VenusSelectDetailViewController.xib in Resources */ = {isa = PBXBuildFile; fileRef = E62341AD16FAD3290003FB52 /* VenusSelectDetailViewController.xib */; };
		E69B165A16EC43D10075365E /* GlobalDataManager.m in Sources */ = {isa = PBXBuildFile; fileRef = E69B165916EC43D10075365E /* GlobalDataManager.m */; };
		E6ADEFFC16F8808200160B9D /* lamp_off_ip4.png in Resources */ = {isa = PBXBuildFile; fileRef = E6ADEFF016F8808200160B9D /* lamp_off_ip4.png */; };
		E6ADEFFD16F8808200160B9D /* lamp_on_ip4.png in Resources */ = {isa = PBXBuildFile; fileRef = E6ADEFF116F8808200160B9D /* lamp_on_ip4.png */; };
		E6ADF00016F8808200160B9D /* steel_off_ip4.png in Resources */ = {isa = PBXBuildFile; fileRef = E6ADEFF416F8808200160B9D /* steel_off_ip4.png */; };
		E6ADF00116F8808200160B9D /* steel_on_ip4.png in Resources */ = {isa = PBXBuildFile; fileRef = E6ADEFF516F8808200160B9D /* steel_on_ip4.png */; };
		E6ADF00216F8808200160B9D /* steel_text_ip4.png in Resources */ = {isa = PBXBuildFile; fileRef = E6ADEFF616F8808200160B9D /* steel_text_ip4.png */; };
		E6ADF00316F8808200160B9D /* steel_text_on_ip4.png in Resources */ = {isa = PBXBuildFile; fileRef = E6ADEFF716F8808200160B9D /* steel_text_on_ip4.png */; };
		E6ADF00416F8808200160B9D /* switch_off_ip4.png in Resources */ = {isa = PBXBuildFile; fileRef = E6ADEFF816F8808200160B9D /* switch_off_ip4.png */; };
		E6ADF00516F8808200160B9D /* switch_on_ip4.png in Resources */ = {isa = PBXBuildFile; fileRef = E6ADEFF916F8808200160B9D /* switch_on_ip4.png */; };
		E6ADF00D16F8845E00160B9D /* navi_common01_off.png in Resources */ = {isa = PBXBuildFile; fileRef = E6ADF00916F8845E00160B9D /* navi_common01_off.png */; };
		E6ADF00E16F8845E00160B9D /* navi_common02_off.png in Resources */ = {isa = PBXBuildFile; fileRef = E6ADF00A16F8845E00160B9D /* navi_common02_off.png */; };
		E6ADF00F16F8845E00160B9D /* navi_common03_off.png in Resources */ = {isa = PBXBuildFile; fileRef = E6ADF00B16F8845E00160B9D /* navi_common03_off.png */; };
		E6ADF01016F8845E00160B9D /* navi_common04_off.png in Resources */ = {isa = PBXBuildFile; fileRef = E6ADF00C16F8845E00160B9D /* navi_common04_off.png */; };
		E6ADF01416F8847400160B9D /* navi_bar.png in Resources */ = {isa = PBXBuildFile; fileRef = E6ADF01216F8847400160B9D /* navi_bar.png */; };
		E6ADF01816F8849500160B9D /* navi_select2_off.png in Resources */ = {isa = PBXBuildFile; fileRef = E6ADF01516F8849500160B9D /* navi_select2_off.png */; };
		E6C8FC6D16F096DB00D86CC1 /* VenusPersistList.m in Sources */ = {isa = PBXBuildFile; fileRef = E6C8FC6C16F096DB00D86CC1 /* VenusPersistList.m */; };
		E6C8FC6F16F3074D00D86CC1 /* lable_table_ip4.png in Resources */ = {isa = PBXBuildFile; fileRef = E6C8FC6E16F3074D00D86CC1 /* lable_table_ip4.png */; };
		E6DA5AB616E4EC3D008A989A /* Localizable.strings in Resources */ = {isa = PBXBuildFile; fileRef = E6DA5AB816E4EC3D008A989A /* Localizable.strings */; };
		E6F9BDC816EDF193002241FA /* VenusAlbumPageViewController.m in Sources */ = {isa = PBXBuildFile; fileRef = E6F9BDC616EDF192002241FA /* VenusAlbumPageViewController.m */; };
		E6F9BDC916EDF193002241FA /* VenusAlbumPageViewController.xib in Resources */ = {isa = PBXBuildFile; fileRef = E6F9BDC716EDF192002241FA /* VenusAlbumPageViewController.xib */; };
		E6F9BDD116EDFCF8002241FA /* ContentViewController.m in Sources */ = {isa = PBXBuildFile; fileRef = E6F9BDCF16EDFCF7002241FA /* ContentViewController.m */; };
		E6F9BDD216EDFCF8002241FA /* ContentViewController.xib in Resources */ = {isa = PBXBuildFile; fileRef = E6F9BDD016EDFCF7002241FA /* ContentViewController.xib */; };
		E6F9BDDB16EF742B002241FA /* VenusAlbumDetailViewController.m in Sources */ = {isa = PBXBuildFile; fileRef = E6F9BDD916EF742A002241FA /* VenusAlbumDetailViewController.m */; };
		E6F9BDDC16EF742B002241FA /* VenusAlbumDetailViewController.xib in Resources */ = {isa = PBXBuildFile; fileRef = E6F9BDDA16EF742B002241FA /* VenusAlbumDetailViewController.xib */; };
/* End PBXBuildFile section */

/* Begin PBXFileReference section */
		211B2F8B16FEDFDB002F5FD7 /* paper_preview_1.png */ = {isa = PBXFileReference; lastKnownFileType = image.png; path = paper_preview_1.png; sourceTree = "<group>"; };
		211B2F8C16FEDFDB002F5FD7 /* paper_preview_2.png */ = {isa = PBXFileReference; lastKnownFileType = image.png; path = paper_preview_2.png; sourceTree = "<group>"; };
		211B2F8D16FEDFDC002F5FD7 /* paper_preview_3.png */ = {isa = PBXFileReference; lastKnownFileType = image.png; path = paper_preview_3.png; sourceTree = "<group>"; };
		211B2F8E16FEDFDC002F5FD7 /* paper_preview_4.png */ = {isa = PBXFileReference; lastKnownFileType = image.png; path = paper_preview_4.png; sourceTree = "<group>"; };
		211B2F8F16FEDFDC002F5FD7 /* paper_preview_5.png */ = {isa = PBXFileReference; lastKnownFileType = image.png; path = paper_preview_5.png; sourceTree = "<group>"; };
		211B2F9016FEDFDC002F5FD7 /* paper_preview_6.png */ = {isa = PBXFileReference; lastKnownFileType = image.png; path = paper_preview_6.png; sourceTree = "<group>"; };
		211B2F9916FFDCEF002F5FD7 /* select_box0.png */ = {isa = PBXFileReference; lastKnownFileType = image.png; path = select_box0.png; sourceTree = "<group>"; };
		211B2F9B16FFE760002F5FD7 /* paper_preview_0.png */ = {isa = PBXFileReference; lastKnownFileType = image.png; path = paper_preview_0.png; sourceTree = "<group>"; };
		211B2F9D17004789002F5FD7 /* QuartzCore.framework */ = {isa = PBXFileReference; lastKnownFileType = wrapper.framework; name = QuartzCore.framework; path = System/Library/Frameworks/QuartzCore.framework; sourceTree = SDKROOT; };
		2142086216F000990097FCE3 /* navi_album01_off.png */ = {isa = PBXFileReference; lastKnownFileType = image.png; path = navi_album01_off.png; sourceTree = "<group>"; };
		2142086416F000990097FCE3 /* navi_album02_off.png */ = {isa = PBXFileReference; lastKnownFileType = image.png; path = navi_album02_off.png; sourceTree = "<group>"; };
		2142086616F000990097FCE3 /* navi_album03_off.png */ = {isa = PBXFileReference; lastKnownFileType = image.png; path = navi_album03_off.png; sourceTree = "<group>"; };
		2142086816F000990097FCE3 /* navi_album04_off.png */ = {isa = PBXFileReference; lastKnownFileType = image.png; path = navi_album04_off.png; sourceTree = "<group>"; };
		21541A0216F2C1BB005F06B6 /* album_main_ip4.png */ = {isa = PBXFileReference; lastKnownFileType = image.png; path = album_main_ip4.png; sourceTree = "<group>"; };
		21541A0316F2C1BB005F06B6 /* album_sub_ip4.png */ = {isa = PBXFileReference; lastKnownFileType = image.png; path = album_sub_ip4.png; sourceTree = "<group>"; };
		215EF5DB16E487EB0043C029 /* AssetsLibrary.framework */ = {isa = PBXFileReference; lastKnownFileType = wrapper.framework; name = AssetsLibrary.framework; path = System/Library/Frameworks/AssetsLibrary.framework; sourceTree = SDKROOT; };
		215EF5E716E48F6D0043C029 /* ThumbnailHighlight.png */ = {isa = PBXFileReference; lastKnownFileType = image.png; path = ThumbnailHighlight.png; sourceTree = "<group>"; };
		215EF5E816E48F6D0043C029 /* ThumbnailImageView.h */ = {isa = PBXFileReference; fileEncoding = 4; lastKnownFileType = sourcecode.c.h; path = ThumbnailImageView.h; sourceTree = "<group>"; };
		215EF5E916E48F6D0043C029 /* ThumbnailImageView.m */ = {isa = PBXFileReference; fileEncoding = 4; lastKnownFileType = sourcecode.c.objc; path = ThumbnailImageView.m; sourceTree = "<group>"; };
		215EF5F116E496440043C029 /* AlbumContentsViewController.h */ = {isa = PBXFileReference; fileEncoding = 4; lastKnownFileType = sourcecode.c.h; path = AlbumContentsViewController.h; sourceTree = "<group>"; };
		215EF5F216E496440043C029 /* AlbumContentsViewController.m */ = {isa = PBXFileReference; fileEncoding = 4; lastKnownFileType = sourcecode.c.objc; path = AlbumContentsViewController.m; sourceTree = "<group>"; };
		215EF5F316E496450043C029 /* AlbumContentsViewController.xib */ = {isa = PBXFileReference; fileEncoding = 4; lastKnownFileType = file.xib; path = AlbumContentsViewController.xib; sourceTree = "<group>"; };
		215EF5F616E4968C0043C029 /* AlbumContentsTableViewCell.h */ = {isa = PBXFileReference; fileEncoding = 4; lastKnownFileType = sourcecode.c.h; path = AlbumContentsTableViewCell.h; sourceTree = "<group>"; };
		215EF5F716E4968C0043C029 /* AlbumContentsTableViewCell.m */ = {isa = PBXFileReference; fileEncoding = 4; lastKnownFileType = sourcecode.c.objc; path = AlbumContentsTableViewCell.m; sourceTree = "<group>"; };
		215EF5F816E4968C0043C029 /* AlbumContentsTableViewCell.xib */ = {isa = PBXFileReference; fileEncoding = 4; lastKnownFileType = file.xib; path = AlbumContentsTableViewCell.xib; sourceTree = "<group>"; };
		215EF5FB16E591620043C029 /* 1rg1024_Film.png */ = {isa = PBXFileReference; lastKnownFileType = image.png; path = 1rg1024_Film.png; sourceTree = "<group>"; };
		21B3B51316E43C76008A1D15 /* PhotoFarm.app */ = {isa = PBXFileReference; explicitFileType = wrapper.application; includeInIndex = 0; path = PhotoFarm.app; sourceTree = BUILT_PRODUCTS_DIR; };
		21B3B51616E43C76008A1D15 /* UIKit.framework */ = {isa = PBXFileReference; lastKnownFileType = wrapper.framework; name = UIKit.framework; path = System/Library/Frameworks/UIKit.framework; sourceTree = SDKROOT; };
		21B3B51816E43C76008A1D15 /* Foundation.framework */ = {isa = PBXFileReference; lastKnownFileType = wrapper.framework; name = Foundation.framework; path = System/Library/Frameworks/Foundation.framework; sourceTree = SDKROOT; };
		21B3B51A16E43C76008A1D15 /* CoreGraphics.framework */ = {isa = PBXFileReference; lastKnownFileType = wrapper.framework; name = CoreGraphics.framework; path = System/Library/Frameworks/CoreGraphics.framework; sourceTree = SDKROOT; };
		21B3B51E16E43C76008A1D15 /* PhotoFarm-Info.plist */ = {isa = PBXFileReference; lastKnownFileType = text.plist.xml; path = "PhotoFarm-Info.plist"; sourceTree = "<group>"; };
		21B3B52016E43C76008A1D15 /* en */ = {isa = PBXFileReference; lastKnownFileType = text.plist.strings; name = en; path = en.lproj/InfoPlist.strings; sourceTree = "<group>"; };
		21B3B52216E43C76008A1D15 /* main.m */ = {isa = PBXFileReference; lastKnownFileType = sourcecode.c.objc; path = main.m; sourceTree = "<group>"; };
		21B3B52416E43C76008A1D15 /* PhotoFarm-Prefix.pch */ = {isa = PBXFileReference; lastKnownFileType = sourcecode.c.h; path = "PhotoFarm-Prefix.pch"; sourceTree = "<group>"; };
		21B3B52516E43C76008A1D15 /* VenusAppDelegate.h */ = {isa = PBXFileReference; lastKnownFileType = sourcecode.c.h; path = VenusAppDelegate.h; sourceTree = "<group>"; };
		21B3B52616E43C76008A1D15 /* VenusAppDelegate.m */ = {isa = PBXFileReference; lastKnownFileType = sourcecode.c.objc; path = VenusAppDelegate.m; sourceTree = "<group>"; };
		21B3B52816E43C76008A1D15 /* Default.png */ = {isa = PBXFileReference; lastKnownFileType = image.png; path = Default.png; sourceTree = "<group>"; };
		21B3B52A16E43C76008A1D15 /* Default@2x.png */ = {isa = PBXFileReference; lastKnownFileType = image.png; path = "Default@2x.png"; sourceTree = "<group>"; };
		21B3B52C16E43C76008A1D15 /* Default-568h@2x.png */ = {isa = PBXFileReference; lastKnownFileType = image.png; path = "Default-568h@2x.png"; sourceTree = "<group>"; };
		21B3B54616E44C94008A1D15 /* VenusMainViewController.h */ = {isa = PBXFileReference; fileEncoding = 4; lastKnownFileType = sourcecode.c.h; path = VenusMainViewController.h; sourceTree = "<group>"; };
		21B3B54716E44C95008A1D15 /* VenusMainViewController.m */ = {isa = PBXFileReference; fileEncoding = 4; lastKnownFileType = sourcecode.c.objc; path = VenusMainViewController.m; sourceTree = "<group>"; };
		21B3B54816E44C95008A1D15 /* VenusMainViewController.xib */ = {isa = PBXFileReference; fileEncoding = 4; lastKnownFileType = file.xib; path = VenusMainViewController.xib; sourceTree = "<group>"; };
		21B3B54B16E46B96008A1D15 /* VenusFilmGroupViewController.h */ = {isa = PBXFileReference; fileEncoding = 4; lastKnownFileType = sourcecode.c.h; path = VenusFilmGroupViewController.h; sourceTree = "<group>"; };
		21B3B54C16E46B96008A1D15 /* VenusFilmGroupViewController.m */ = {isa = PBXFileReference; fileEncoding = 4; lastKnownFileType = sourcecode.c.objc; path = VenusFilmGroupViewController.m; sourceTree = "<group>"; };
		21B3B54D16E46B97008A1D15 /* VenusFilmGroupViewController.xib */ = {isa = PBXFileReference; fileEncoding = 4; lastKnownFileType = file.xib; path = VenusFilmGroupViewController.xib; sourceTree = "<group>"; };
		E61A832C1701B4490062071F /* VenusScroll.h */ = {isa = PBXFileReference; fileEncoding = 4; lastKnownFileType = sourcecode.c.h; path = VenusScroll.h; sourceTree = "<group>"; };
		E61A832D1701B4490062071F /* VenusScroll.m */ = {isa = PBXFileReference; fileEncoding = 4; lastKnownFileType = sourcecode.c.objc; path = VenusScroll.m; sourceTree = "<group>"; };
		E61A832F170311680062071F /* progress_fill_1.png */ = {isa = PBXFileReference; lastKnownFileType = image.png; path = progress_fill_1.png; sourceTree = "<group>"; };
		E61A83311703118C0062071F /* VenusProgressViewController.h */ = {isa = PBXFileReference; fileEncoding = 4; lastKnownFileType = sourcecode.c.h; path = VenusProgressViewController.h; sourceTree = "<group>"; };
		E61A83321703118C0062071F /* VenusProgressViewController.m */ = {isa = PBXFileReference; fileEncoding = 4; lastKnownFileType = sourcecode.c.objc; path = VenusProgressViewController.m; sourceTree = "<group>"; };
		E61A833B170338C50062071F /* progress_fill_2.png */ = {isa = PBXFileReference; lastKnownFileType = image.png; path = progress_fill_2.png; sourceTree = "<group>"; };
		E61A833D1703CF630062071F /* chemicalAnimation.h */ = {isa = PBXFileReference; fileEncoding = 4; lastKnownFileType = sourcecode.c.h; path = chemicalAnimation.h; sourceTree = "<group>"; };
		E61A833E1703CF630062071F /* chemicalAnimation.m */ = {isa = PBXFileReference; fileEncoding = 4; lastKnownFileType = sourcecode.c.objc; path = chemicalAnimation.m; sourceTree = "<group>"; };
		E61A83401709CD0E0062071F /* film_table_ip4.png */ = {isa = PBXFileReference; lastKnownFileType = image.png; path = film_table_ip4.png; sourceTree = "<group>"; };
		E623415916F965BE0003FB52 /* select_bg_left_ip4.png */ = {isa = PBXFileReference; lastKnownFileType = image.png; path = select_bg_left_ip4.png; sourceTree = "<group>"; };
		E623415A16F965BE0003FB52 /* select_bg_right_ip4.png */ = {isa = PBXFileReference; lastKnownFileType = image.png; path = select_bg_right_ip4.png; sourceTree = "<group>"; };
		E623415D16F969130003FB52 /* 01_1main_off_ip4.png */ = {isa = PBXFileReference; lastKnownFileType = image.png; path = 01_1main_off_ip4.png; sourceTree = "<group>"; };
		E623415E16F969130003FB52 /* 01_1main_on_ip4.png */ = {isa = PBXFileReference; lastKnownFileType = image.png; path = 01_1main_on_ip4.png; sourceTree = "<group>"; };
		E623416516F974950003FB52 /* title_on_ip4.png */ = {isa = PBXFileReference; lastKnownFileType = image.png; path = title_on_ip4.png; sourceTree = "<group>"; };
		E623416916F974D40003FB52 /* title_off_ip4.png */ = {isa = PBXFileReference; lastKnownFileType = image.png; path = title_off_ip4.png; sourceTree = "<group>"; };
		E623416B16F9873B0003FB52 /* select_bar_ip4.png */ = {isa = PBXFileReference; lastKnownFileType = image.png; path = select_bar_ip4.png; sourceTree = "<group>"; };
		E623416C16F9873B0003FB52 /* select_steel_ip4.png */ = {isa = PBXFileReference; lastKnownFileType = image.png; path = select_steel_ip4.png; sourceTree = "<group>"; };
		E623416F16F995570003FB52 /* navi_select2_off_ip4.png */ = {isa = PBXFileReference; lastKnownFileType = image.png; path = navi_select2_off_ip4.png; sourceTree = "<group>"; };
		E623417016F995570003FB52 /* navi_reset_off_ip4.png */ = {isa = PBXFileReference; lastKnownFileType = image.png; path = navi_reset_off_ip4.png; sourceTree = "<group>"; };
		E623417116F995570003FB52 /* navi_info2_off_ip4.png */ = {isa = PBXFileReference; lastKnownFileType = image.png; path = navi_info2_off_ip4.png; sourceTree = "<group>"; };
		E623417616F9E7430003FB52 /* select_box1.png */ = {isa = PBXFileReference; lastKnownFileType = image.png; path = select_box1.png; sourceTree = "<group>"; };
		E623417716F9E7430003FB52 /* select_box2.png */ = {isa = PBXFileReference; lastKnownFileType = image.png; path = select_box2.png; sourceTree = "<group>"; };
		E623417816F9E7430003FB52 /* select_box3.png */ = {isa = PBXFileReference; lastKnownFileType = image.png; path = select_box3.png; sourceTree = "<group>"; };
		E623417916F9E7430003FB52 /* select_box4.png */ = {isa = PBXFileReference; lastKnownFileType = image.png; path = select_box4.png; sourceTree = "<group>"; };
		E623417A16F9E7430003FB52 /* select_box5.png */ = {isa = PBXFileReference; lastKnownFileType = image.png; path = select_box5.png; sourceTree = "<group>"; };
		E623417B16F9E7430003FB52 /* select_box6.png */ = {isa = PBXFileReference; lastKnownFileType = image.png; path = select_box6.png; sourceTree = "<group>"; };
		E623417D16F9E7430003FB52 /* paper1.png */ = {isa = PBXFileReference; lastKnownFileType = image.png; path = paper1.png; sourceTree = "<group>"; };
		E623417E16F9E7430003FB52 /* paper2.png */ = {isa = PBXFileReference; lastKnownFileType = image.png; path = paper2.png; sourceTree = "<group>"; };
		E623417F16F9E7430003FB52 /* paper3.png */ = {isa = PBXFileReference; lastKnownFileType = image.png; path = paper3.png; sourceTree = "<group>"; };
		E623418016F9E7430003FB52 /* paper4.png */ = {isa = PBXFileReference; lastKnownFileType = image.png; path = paper4.png; sourceTree = "<group>"; };
		E623418116F9E7430003FB52 /* paper5.png */ = {isa = PBXFileReference; lastKnownFileType = image.png; path = paper5.png; sourceTree = "<group>"; };
		E623418216F9E7430003FB52 /* paper6.png */ = {isa = PBXFileReference; lastKnownFileType = image.png; path = paper6.png; sourceTree = "<group>"; };
		E623418416F9E7430003FB52 /* select_solution01.png */ = {isa = PBXFileReference; lastKnownFileType = image.png; path = select_solution01.png; sourceTree = "<group>"; };
		E623418516F9E7430003FB52 /* select_solution02.png */ = {isa = PBXFileReference; lastKnownFileType = image.png; path = select_solution02.png; sourceTree = "<group>"; };
		E623418616F9E7430003FB52 /* select_solution03.png */ = {isa = PBXFileReference; lastKnownFileType = image.png; path = select_solution03.png; sourceTree = "<group>"; };
		E623418716F9E7430003FB52 /* select_solution04.png */ = {isa = PBXFileReference; lastKnownFileType = image.png; path = select_solution04.png; sourceTree = "<group>"; };
		E623418816F9E7430003FB52 /* select_solution05.png */ = {isa = PBXFileReference; lastKnownFileType = image.png; path = select_solution05.png; sourceTree = "<group>"; };
		E623418916F9E7430003FB52 /* select_solution06.png */ = {isa = PBXFileReference; lastKnownFileType = image.png; path = select_solution06.png; sourceTree = "<group>"; };
		E623418A16F9E7430003FB52 /* select_solution07.png */ = {isa = PBXFileReference; lastKnownFileType = image.png; path = select_solution07.png; sourceTree = "<group>"; };
		E623418B16F9E7430003FB52 /* select_solution08.png */ = {isa = PBXFileReference; lastKnownFileType = image.png; path = select_solution08.png; sourceTree = "<group>"; };
		E623418C16F9E7430003FB52 /* select_solution09.png */ = {isa = PBXFileReference; lastKnownFileType = image.png; path = select_solution09.png; sourceTree = "<group>"; };
		E62341A216FA0B890003FB52 /* beaker_off_ip4.png */ = {isa = PBXFileReference; lastKnownFileType = image.png; name = beaker_off_ip4.png; path = "solution(공통)/beaker_off_ip4.png"; sourceTree = "<group>"; };
		E62341A416FA151F0003FB52 /* stee_big_off_ip4.png */ = {isa = PBXFileReference; lastKnownFileType = image.png; path = stee_big_off_ip4.png; sourceTree = "<group>"; };
		E62341A616FA99640003FB52 /* pincette_off_ip4.png */ = {isa = PBXFileReference; lastKnownFileType = image.png; path = pincette_off_ip4.png; sourceTree = "<group>"; };
		E62341AB16FAD3290003FB52 /* VenusSelectDetailViewController.h */ = {isa = PBXFileReference; fileEncoding = 4; lastKnownFileType = sourcecode.c.h; path = VenusSelectDetailViewController.h; sourceTree = "<group>"; };
		E62341AC16FAD3290003FB52 /* VenusSelectDetailViewController.m */ = {isa = PBXFileReference; fileEncoding = 4; lastKnownFileType = sourcecode.c.objc; path = VenusSelectDetailViewController.m; sourceTree = "<group>"; };
		E62341AD16FAD3290003FB52 /* VenusSelectDetailViewController.xib */ = {isa = PBXFileReference; fileEncoding = 4; lastKnownFileType = file.xib; path = VenusSelectDetailViewController.xib; sourceTree = "<group>"; };
		E69B165716EC43D10075365E /* SynthesizeSingleton.h */ = {isa = PBXFileReference; fileEncoding = 4; lastKnownFileType = sourcecode.c.h; path = SynthesizeSingleton.h; sourceTree = "<group>"; };
		E69B165816EC43D10075365E /* GlobalDataManager.h */ = {isa = PBXFileReference; fileEncoding = 4; lastKnownFileType = sourcecode.c.h; path = GlobalDataManager.h; sourceTree = "<group>"; };
		E69B165916EC43D10075365E /* GlobalDataManager.m */ = {isa = PBXFileReference; fileEncoding = 4; lastKnownFileType = sourcecode.c.objc; path = GlobalDataManager.m; sourceTree = "<group>"; };
		E6ADEFF016F8808200160B9D /* lamp_off_ip4.png */ = {isa = PBXFileReference; lastKnownFileType = image.png; path = lamp_off_ip4.png; sourceTree = "<group>"; };
		E6ADEFF116F8808200160B9D /* lamp_on_ip4.png */ = {isa = PBXFileReference; lastKnownFileType = image.png; path = lamp_on_ip4.png; sourceTree = "<group>"; };
		E6ADEFF416F8808200160B9D /* steel_off_ip4.png */ = {isa = PBXFileReference; lastKnownFileType = image.png; path = steel_off_ip4.png; sourceTree = "<group>"; };
		E6ADEFF516F8808200160B9D /* steel_on_ip4.png */ = {isa = PBXFileReference; lastKnownFileType = image.png; path = steel_on_ip4.png; sourceTree = "<group>"; };
		E6ADEFF616F8808200160B9D /* steel_text_ip4.png */ = {isa = PBXFileReference; lastKnownFileType = image.png; path = steel_text_ip4.png; sourceTree = "<group>"; };
		E6ADEFF716F8808200160B9D /* steel_text_on_ip4.png */ = {isa = PBXFileReference; lastKnownFileType = image.png; path = steel_text_on_ip4.png; sourceTree = "<group>"; };
		E6ADEFF816F8808200160B9D /* switch_off_ip4.png */ = {isa = PBXFileReference; lastKnownFileType = image.png; path = switch_off_ip4.png; sourceTree = "<group>"; };
		E6ADEFF916F8808200160B9D /* switch_on_ip4.png */ = {isa = PBXFileReference; lastKnownFileType = image.png; path = switch_on_ip4.png; sourceTree = "<group>"; };
		E6ADF00916F8845E00160B9D /* navi_common01_off.png */ = {isa = PBXFileReference; lastKnownFileType = image.png; path = navi_common01_off.png; sourceTree = "<group>"; };
		E6ADF00A16F8845E00160B9D /* navi_common02_off.png */ = {isa = PBXFileReference; lastKnownFileType = image.png; path = navi_common02_off.png; sourceTree = "<group>"; };
		E6ADF00B16F8845E00160B9D /* navi_common03_off.png */ = {isa = PBXFileReference; lastKnownFileType = image.png; path = navi_common03_off.png; sourceTree = "<group>"; };
		E6ADF00C16F8845E00160B9D /* navi_common04_off.png */ = {isa = PBXFileReference; lastKnownFileType = image.png; path = navi_common04_off.png; sourceTree = "<group>"; };
		E6ADF01216F8847400160B9D /* navi_bar.png */ = {isa = PBXFileReference; lastKnownFileType = image.png; path = navi_bar.png; sourceTree = "<group>"; };
		E6ADF01516F8849500160B9D /* navi_select2_off.png */ = {isa = PBXFileReference; lastKnownFileType = image.png; path = navi_select2_off.png; sourceTree = "<group>"; };
		E6C8FC6B16F096DB00D86CC1 /* VenusPersistList.h */ = {isa = PBXFileReference; fileEncoding = 4; lastKnownFileType = sourcecode.c.h; path = VenusPersistList.h; sourceTree = "<group>"; };
		E6C8FC6C16F096DB00D86CC1 /* VenusPersistList.m */ = {isa = PBXFileReference; fileEncoding = 4; lastKnownFileType = sourcecode.c.objc; path = VenusPersistList.m; sourceTree = "<group>"; };
		E6C8FC6E16F3074D00D86CC1 /* lable_table_ip4.png */ = {isa = PBXFileReference; lastKnownFileType = image.png; path = lable_table_ip4.png; sourceTree = "<group>"; };
		E6DA5AB316E4E563008A989A /* ko */ = {isa = PBXFileReference; lastKnownFileType = text.plist.strings; name = ko; path = ko.lproj/InfoPlist.strings; sourceTree = "<group>"; };
		E6DA5AB716E4EC3D008A989A /* en */ = {isa = PBXFileReference; lastKnownFileType = text.plist.strings; name = en; path = en.lproj/Localizable.strings; sourceTree = "<group>"; };
		E6DA5AB916E4EC44008A989A /* ko */ = {isa = PBXFileReference; lastKnownFileType = text.plist.strings; name = ko; path = ko.lproj/Localizable.strings; sourceTree = "<group>"; };
		E6F9BDC516EDF192002241FA /* VenusAlbumPageViewController.h */ = {isa = PBXFileReference; fileEncoding = 4; lastKnownFileType = sourcecode.c.h; path = VenusAlbumPageViewController.h; sourceTree = "<group>"; };
		E6F9BDC616EDF192002241FA /* VenusAlbumPageViewController.m */ = {isa = PBXFileReference; fileEncoding = 4; lastKnownFileType = sourcecode.c.objc; path = VenusAlbumPageViewController.m; sourceTree = "<group>"; };
		E6F9BDC716EDF192002241FA /* VenusAlbumPageViewController.xib */ = {isa = PBXFileReference; fileEncoding = 4; lastKnownFileType = file.xib; path = VenusAlbumPageViewController.xib; sourceTree = "<group>"; };
		E6F9BDCE16EDFCF7002241FA /* ContentViewController.h */ = {isa = PBXFileReference; fileEncoding = 4; lastKnownFileType = sourcecode.c.h; path = ContentViewController.h; sourceTree = "<group>"; };
		E6F9BDCF16EDFCF7002241FA /* ContentViewController.m */ = {isa = PBXFileReference; fileEncoding = 4; lastKnownFileType = sourcecode.c.objc; path = ContentViewController.m; sourceTree = "<group>"; };
		E6F9BDD016EDFCF7002241FA /* ContentViewController.xib */ = {isa = PBXFileReference; fileEncoding = 4; lastKnownFileType = file.xib; path = ContentViewController.xib; sourceTree = "<group>"; };
		E6F9BDD816EF7429002241FA /* VenusAlbumDetailViewController.h */ = {isa = PBXFileReference; fileEncoding = 4; lastKnownFileType = sourcecode.c.h; path = VenusAlbumDetailViewController.h; sourceTree = "<group>"; };
		E6F9BDD916EF742A002241FA /* VenusAlbumDetailViewController.m */ = {isa = PBXFileReference; fileEncoding = 4; lastKnownFileType = sourcecode.c.objc; path = VenusAlbumDetailViewController.m; sourceTree = "<group>"; };
		E6F9BDDA16EF742B002241FA /* VenusAlbumDetailViewController.xib */ = {isa = PBXFileReference; fileEncoding = 4; lastKnownFileType = file.xib; path = VenusAlbumDetailViewController.xib; sourceTree = "<group>"; };
/* End PBXFileReference section */

/* Begin PBXFrameworksBuildPhase section */
		21B3B51016E43C76008A1D15 /* Frameworks */ = {
			isa = PBXFrameworksBuildPhase;
			buildActionMask = 2147483647;
			files = (
				211B2F9F17004868002F5FD7 /* QuartzCore.framework in Frameworks */,
				215EF5DC16E487EB0043C029 /* AssetsLibrary.framework in Frameworks */,
				21B3B51716E43C76008A1D15 /* UIKit.framework in Frameworks */,
				21B3B51916E43C76008A1D15 /* Foundation.framework in Frameworks */,
				21B3B51B16E43C76008A1D15 /* CoreGraphics.framework in Frameworks */,
			);
			runOnlyForDeploymentPostprocessing = 0;
		};
/* End PBXFrameworksBuildPhase section */

/* Begin PBXGroup section */
		2142086116F0005C0097FCE3 /* Detail */ = {
			isa = PBXGroup;
			children = (
				E6C8FC6E16F3074D00D86CC1 /* lable_table_ip4.png */,
				21541A0216F2C1BB005F06B6 /* album_main_ip4.png */,
				21541A0316F2C1BB005F06B6 /* album_sub_ip4.png */,
			);
			name = Detail;
			sourceTree = "<group>";
		};
		21B3B50A16E43C76008A1D15 = {
			isa = PBXGroup;
			children = (
				211B2F9D17004789002F5FD7 /* QuartzCore.framework */,
				215EF5DB16E487EB0043C029 /* AssetsLibrary.framework */,
				21B3B51C16E43C76008A1D15 /* PhotoFarm */,
				21B3B51516E43C76008A1D15 /* Frameworks */,
				21B3B51416E43C76008A1D15 /* Products */,
			);
			sourceTree = "<group>";
		};
		21B3B51416E43C76008A1D15 /* Products */ = {
			isa = PBXGroup;
			children = (
				21B3B51316E43C76008A1D15 /* PhotoFarm.app */,
			);
			name = Products;
			sourceTree = "<group>";
		};
		21B3B51516E43C76008A1D15 /* Frameworks */ = {
			isa = PBXGroup;
			children = (
				21B3B51616E43C76008A1D15 /* UIKit.framework */,
				21B3B51816E43C76008A1D15 /* Foundation.framework */,
				21B3B51A16E43C76008A1D15 /* CoreGraphics.framework */,
			);
			name = Frameworks;
			sourceTree = "<group>";
		};
		21B3B51C16E43C76008A1D15 /* PhotoFarm */ = {
			isa = PBXGroup;
			children = (
				21B3B53F16E43F7D008A1D15 /* Classes */,
				21B3B54016E43F85008A1D15 /* Resources */,
				21B3B51D16E43C76008A1D15 /* Supporting Files */,
			);
			path = PhotoFarm;
			sourceTree = "<group>";
		};
		21B3B51D16E43C76008A1D15 /* Supporting Files */ = {
			isa = PBXGroup;
			children = (
				21B3B51E16E43C76008A1D15 /* PhotoFarm-Info.plist */,
				21B3B51F16E43C76008A1D15 /* InfoPlist.strings */,
				21B3B52216E43C76008A1D15 /* main.m */,
				21B3B52416E43C76008A1D15 /* PhotoFarm-Prefix.pch */,
				21B3B52816E43C76008A1D15 /* Default.png */,
				21B3B52A16E43C76008A1D15 /* Default@2x.png */,
				21B3B52C16E43C76008A1D15 /* Default-568h@2x.png */,
				E6DA5AB816E4EC3D008A989A /* Localizable.strings */,
			);
			name = "Supporting Files";
			sourceTree = "<group>";
		};
		21B3B53F16E43F7D008A1D15 /* Classes */ = {
			isa = PBXGroup;
			children = (
				E69B165616EC43A30075365E /* Additional Views and Cells */,
				215EF5F116E496440043C029 /* AlbumContentsViewController.h */,
				215EF5F216E496440043C029 /* AlbumContentsViewController.m */,
				E6F9BDD816EF7429002241FA /* VenusAlbumDetailViewController.h */,
				E6F9BDD916EF742A002241FA /* VenusAlbumDetailViewController.m */,
				E6F9BDC516EDF192002241FA /* VenusAlbumPageViewController.h */,
				E6F9BDC616EDF192002241FA /* VenusAlbumPageViewController.m */,
				21B3B52516E43C76008A1D15 /* VenusAppDelegate.h */,
				21B3B52616E43C76008A1D15 /* VenusAppDelegate.m */,
				21B3B54B16E46B96008A1D15 /* VenusFilmGroupViewController.h */,
				21B3B54C16E46B96008A1D15 /* VenusFilmGroupViewController.m */,
				21B3B54616E44C94008A1D15 /* VenusMainViewController.h */,
				21B3B54716E44C95008A1D15 /* VenusMainViewController.m */,
				E62341AB16FAD3290003FB52 /* VenusSelectDetailViewController.h */,
				E62341AC16FAD3290003FB52 /* VenusSelectDetailViewController.m */,
				E61A832C1701B4490062071F /* VenusScroll.h */,
				E61A832D1701B4490062071F /* VenusScroll.m */,
			);
			name = Classes;
			sourceTree = "<group>";
		};
		21B3B54016E43F85008A1D15 /* Resources */ = {
			isa = PBXGroup;
			children = (
				E6F9BDD316EDFD1B002241FA /* XIBs */,
				E6F9BDCA16EDF23C002241FA /* Images */,
			);
			name = Resources;
			sourceTree = "<group>";
		};
		E623415816F965B00003FB52 /* select */ = {
			isa = PBXGroup;
			children = (
				E623417516F9E7430003FB52 /* box */,
				E623417C16F9E7430003FB52 /* paper */,
				E623418316F9E7430003FB52 /* solution */,
				E623416B16F9873B0003FB52 /* select_bar_ip4.png */,
				E62341A216FA0B890003FB52 /* beaker_off_ip4.png */,
				E623416C16F9873B0003FB52 /* select_steel_ip4.png */,
				E623415916F965BE0003FB52 /* select_bg_left_ip4.png */,
				E623415A16F965BE0003FB52 /* select_bg_right_ip4.png */,
				E62341A416FA151F0003FB52 /* stee_big_off_ip4.png */,
				E62341A616FA99640003FB52 /* pincette_off_ip4.png */,
				E61A832F170311680062071F /* progress_fill_1.png */,
				E61A833B170338C50062071F /* progress_fill_2.png */,
			);
			name = select;
			sourceTree = "<group>";
		};
		E623417516F9E7430003FB52 /* box */ = {
			isa = PBXGroup;
			children = (
				211B2F9916FFDCEF002F5FD7 /* select_box0.png */,
				E623417616F9E7430003FB52 /* select_box1.png */,
				E623417716F9E7430003FB52 /* select_box2.png */,
				E623417816F9E7430003FB52 /* select_box3.png */,
				E623417916F9E7430003FB52 /* select_box4.png */,
				E623417A16F9E7430003FB52 /* select_box5.png */,
				E623417B16F9E7430003FB52 /* select_box6.png */,
			);
			name = box;
			path = "box(공통)";
			sourceTree = "<group>";
		};
		E623417C16F9E7430003FB52 /* paper */ = {
			isa = PBXGroup;
			children = (
				E623417D16F9E7430003FB52 /* paper1.png */,
				E623417E16F9E7430003FB52 /* paper2.png */,
				E623417F16F9E7430003FB52 /* paper3.png */,
				E623418016F9E7430003FB52 /* paper4.png */,
				E623418116F9E7430003FB52 /* paper5.png */,
				E623418216F9E7430003FB52 /* paper6.png */,
				211B2F9B16FFE760002F5FD7 /* paper_preview_0.png */,
				211B2F8B16FEDFDB002F5FD7 /* paper_preview_1.png */,
				211B2F8C16FEDFDB002F5FD7 /* paper_preview_2.png */,
				211B2F8D16FEDFDC002F5FD7 /* paper_preview_3.png */,
				211B2F8E16FEDFDC002F5FD7 /* paper_preview_4.png */,
				211B2F8F16FEDFDC002F5FD7 /* paper_preview_5.png */,
				211B2F9016FEDFDC002F5FD7 /* paper_preview_6.png */,
			);
			name = paper;
			path = "paper(공통)";
			sourceTree = "<group>";
		};
		E623418316F9E7430003FB52 /* solution */ = {
			isa = PBXGroup;
			children = (
				E623418416F9E7430003FB52 /* select_solution01.png */,
				E623418516F9E7430003FB52 /* select_solution02.png */,
				E623418616F9E7430003FB52 /* select_solution03.png */,
				E623418716F9E7430003FB52 /* select_solution04.png */,
				E623418816F9E7430003FB52 /* select_solution05.png */,
				E623418916F9E7430003FB52 /* select_solution06.png */,
				E623418A16F9E7430003FB52 /* select_solution07.png */,
				E623418B16F9E7430003FB52 /* select_solution08.png */,
				E623418C16F9E7430003FB52 /* select_solution09.png */,
			);
			name = solution;
			path = "solution(공통)";
			sourceTree = "<group>";
		};
		E69B165616EC43A30075365E /* Additional Views and Cells */ = {
			isa = PBXGroup;
			children = (
				215EF5F616E4968C0043C029 /* AlbumContentsTableViewCell.h */,
				215EF5F716E4968C0043C029 /* AlbumContentsTableViewCell.m */,
				E6F9BDCE16EDFCF7002241FA /* ContentViewController.h */,
				E6F9BDCF16EDFCF7002241FA /* ContentViewController.m */,
				E69B165816EC43D10075365E /* GlobalDataManager.h */,
				E69B165916EC43D10075365E /* GlobalDataManager.m */,
				E69B165716EC43D10075365E /* SynthesizeSingleton.h */,
				215EF5E816E48F6D0043C029 /* ThumbnailImageView.h */,
				215EF5E916E48F6D0043C029 /* ThumbnailImageView.m */,
				E6C8FC6B16F096DB00D86CC1 /* VenusPersistList.h */,
				E6C8FC6C16F096DB00D86CC1 /* VenusPersistList.m */,
				E61A833D1703CF630062071F /* chemicalAnimation.h */,
				E61A833E1703CF630062071F /* chemicalAnimation.m */,
				E61A83311703118C0062071F /* VenusProgressViewController.h */,
				E61A83321703118C0062071F /* VenusProgressViewController.m */,
			);
			name = "Additional Views and Cells";
			sourceTree = "<group>";
		};
		E6ADEFEF16F8808200160B9D /* 01_main */ = {
			isa = PBXGroup;
			children = (
				E623416916F974D40003FB52 /* title_off_ip4.png */,
				E623416516F974950003FB52 /* title_on_ip4.png */,
				E623415D16F969130003FB52 /* 01_1main_off_ip4.png */,
				E623415E16F969130003FB52 /* 01_1main_on_ip4.png */,
				E6ADEFF016F8808200160B9D /* lamp_off_ip4.png */,
				E6ADEFF116F8808200160B9D /* lamp_on_ip4.png */,
				E6ADEFF416F8808200160B9D /* steel_off_ip4.png */,
				E6ADEFF516F8808200160B9D /* steel_on_ip4.png */,
				E6ADEFF616F8808200160B9D /* steel_text_ip4.png */,
				E6ADEFF716F8808200160B9D /* steel_text_on_ip4.png */,
				E6ADEFF816F8808200160B9D /* switch_off_ip4.png */,
				E6ADEFF916F8808200160B9D /* switch_on_ip4.png */,
			);
			path = 01_main;
			sourceTree = "<group>";
		};
		E6ADF00816F8844800160B9D /* 06_Navi */ = {
			isa = PBXGroup;
			children = (
				2142086216F000990097FCE3 /* navi_album01_off.png */,
				2142086416F000990097FCE3 /* navi_album02_off.png */,
				2142086616F000990097FCE3 /* navi_album03_off.png */,
				2142086816F000990097FCE3 /* navi_album04_off.png */,
				E623416F16F995570003FB52 /* navi_select2_off_ip4.png */,
				E623417016F995570003FB52 /* navi_reset_off_ip4.png */,
				E623417116F995570003FB52 /* navi_info2_off_ip4.png */,
				E6ADF01516F8849500160B9D /* navi_select2_off.png */,
				E6ADF01216F8847400160B9D /* navi_bar.png */,
				E6ADF00916F8845E00160B9D /* navi_common01_off.png */,
				E6ADF00A16F8845E00160B9D /* navi_common02_off.png */,
				E6ADF00B16F8845E00160B9D /* navi_common03_off.png */,
				E6ADF00C16F8845E00160B9D /* navi_common04_off.png */,
			);
			name = 06_Navi;
			sourceTree = "<group>";
		};
		E6F9BDCA16EDF23C002241FA /* Images */ = {
			isa = PBXGroup;
			children = (
				E623415816F965B00003FB52 /* select */,
				E6ADEFEF16F8808200160B9D /* 01_main */,
				E6ADF00816F8844800160B9D /* 06_Navi */,
				E6F9BDCB16EDF24B002241FA /* Album */,
			);
			name = Images;
			sourceTree = "<group>";
		};
		E6F9BDCB16EDF24B002241FA /* Album */ = {
			isa = PBXGroup;
			children = (
				2142086116F0005C0097FCE3 /* Detail */,
				215EF5E716E48F6D0043C029 /* ThumbnailHighlight.png */,
				215EF5FB16E591620043C029 /* 1rg1024_Film.png */,
				E61A83401709CD0E0062071F /* film_table_ip4.png */,
			);
			name = Album;
			sourceTree = "<group>";
		};
		E6F9BDD316EDFD1B002241FA /* XIBs */ = {
			isa = PBXGroup;
			children = (
				E62341AD16FAD3290003FB52 /* VenusSelectDetailViewController.xib */,
				215EF5F816E4968C0043C029 /* AlbumContentsTableViewCell.xib */,
				215EF5F316E496450043C029 /* AlbumContentsViewController.xib */,
				E6F9BDD016EDFCF7002241FA /* ContentViewController.xib */,
				E6F9BDDA16EF742B002241FA /* VenusAlbumDetailViewController.xib */,
				E6F9BDC716EDF192002241FA /* VenusAlbumPageViewController.xib */,
				21B3B54D16E46B97008A1D15 /* VenusFilmGroupViewController.xib */,
				21B3B54816E44C95008A1D15 /* VenusMainViewController.xib */,
			);
			name = XIBs;
			sourceTree = "<group>";
		};
/* End PBXGroup section */

/* Begin PBXNativeTarget section */
		21B3B51216E43C76008A1D15 /* PhotoFarm */ = {
			isa = PBXNativeTarget;
			buildConfigurationList = 21B3B53C16E43C76008A1D15 /* Build configuration list for PBXNativeTarget "PhotoFarm" */;
			buildPhases = (
				21B3B50F16E43C76008A1D15 /* Sources */,
				21B3B51016E43C76008A1D15 /* Frameworks */,
				21B3B51116E43C76008A1D15 /* Resources */,
			);
			buildRules = (
			);
			dependencies = (
			);
			name = PhotoFarm;
			productName = PhotoFarm;
			productReference = 21B3B51316E43C76008A1D15 /* PhotoFarm.app */;
			productType = "com.apple.product-type.application";
		};
/* End PBXNativeTarget section */

/* Begin PBXProject section */
		21B3B50B16E43C76008A1D15 /* Project object */ = {
			isa = PBXProject;
			attributes = {
				CLASSPREFIX = Venus;
				LastUpgradeCheck = 0460;
				ORGANIZATIONNAME = Max;
			};
			buildConfigurationList = 21B3B50E16E43C76008A1D15 /* Build configuration list for PBXProject "PhotoFarm" */;
			compatibilityVersion = "Xcode 3.2";
			developmentRegion = English;
			hasScannedForEncodings = 0;
			knownRegions = (
				en,
				ko,
			);
			mainGroup = 21B3B50A16E43C76008A1D15;
			productRefGroup = 21B3B51416E43C76008A1D15 /* Products */;
			projectDirPath = "";
			projectRoot = "";
			targets = (
				21B3B51216E43C76008A1D15 /* PhotoFarm */,
			);
		};
/* End PBXProject section */

/* Begin PBXResourcesBuildPhase section */
		21B3B51116E43C76008A1D15 /* Resources */ = {
			isa = PBXResourcesBuildPhase;
			buildActionMask = 2147483647;
			files = (
				21B3B52116E43C76008A1D15 /* InfoPlist.strings in Resources */,
				21B3B52916E43C76008A1D15 /* Default.png in Resources */,
				21B3B52B16E43C76008A1D15 /* Default@2x.png in Resources */,
				21B3B52D16E43C76008A1D15 /* Default-568h@2x.png in Resources */,
				21B3B54A16E44C95008A1D15 /* VenusMainViewController.xib in Resources */,
				21B3B54F16E46B97008A1D15 /* VenusFilmGroupViewController.xib in Resources */,
				215EF5EA16E48F6D0043C029 /* ThumbnailHighlight.png in Resources */,
				215EF5F516E496450043C029 /* AlbumContentsViewController.xib in Resources */,
				215EF5FA16E4968C0043C029 /* AlbumContentsTableViewCell.xib in Resources */,
				E6DA5AB616E4EC3D008A989A /* Localizable.strings in Resources */,
				215EF5FC16E591620043C029 /* 1rg1024_Film.png in Resources */,
				E6F9BDC916EDF193002241FA /* VenusAlbumPageViewController.xib in Resources */,
				E6F9BDD216EDFCF8002241FA /* ContentViewController.xib in Resources */,
				E6F9BDDC16EF742B002241FA /* VenusAlbumDetailViewController.xib in Resources */,
				2142086A16F000990097FCE3 /* navi_album01_off.png in Resources */,
				2142086C16F000990097FCE3 /* navi_album02_off.png in Resources */,
				2142086E16F000990097FCE3 /* navi_album03_off.png in Resources */,
				2142087016F000990097FCE3 /* navi_album04_off.png in Resources */,
				21541A0416F2C1BB005F06B6 /* album_main_ip4.png in Resources */,
				21541A0516F2C1BB005F06B6 /* album_sub_ip4.png in Resources */,
				E6C8FC6F16F3074D00D86CC1 /* lable_table_ip4.png in Resources */,
				E6ADEFFC16F8808200160B9D /* lamp_off_ip4.png in Resources */,
				E6ADEFFD16F8808200160B9D /* lamp_on_ip4.png in Resources */,
				E6ADF00016F8808200160B9D /* steel_off_ip4.png in Resources */,
				E6ADF00116F8808200160B9D /* steel_on_ip4.png in Resources */,
				E6ADF00216F8808200160B9D /* steel_text_ip4.png in Resources */,
				E6ADF00316F8808200160B9D /* steel_text_on_ip4.png in Resources */,
				E6ADF00416F8808200160B9D /* switch_off_ip4.png in Resources */,
				E6ADF00516F8808200160B9D /* switch_on_ip4.png in Resources */,
				E6ADF00D16F8845E00160B9D /* navi_common01_off.png in Resources */,
				E6ADF00E16F8845E00160B9D /* navi_common02_off.png in Resources */,
				E6ADF00F16F8845E00160B9D /* navi_common03_off.png in Resources */,
				E6ADF01016F8845E00160B9D /* navi_common04_off.png in Resources */,
				E6ADF01416F8847400160B9D /* navi_bar.png in Resources */,
				E6ADF01816F8849500160B9D /* navi_select2_off.png in Resources */,
				E623415B16F965BE0003FB52 /* select_bg_left_ip4.png in Resources */,
				E623415C16F965BE0003FB52 /* select_bg_right_ip4.png in Resources */,
				E623415F16F969130003FB52 /* 01_1main_off_ip4.png in Resources */,
				E623416016F969130003FB52 /* 01_1main_on_ip4.png in Resources */,
				E623416716F974950003FB52 /* title_on_ip4.png in Resources */,
				E623416A16F974D40003FB52 /* title_off_ip4.png in Resources */,
				E623416D16F9873B0003FB52 /* select_bar_ip4.png in Resources */,
				E623416E16F9873B0003FB52 /* select_steel_ip4.png in Resources */,
				E623417216F995570003FB52 /* navi_select2_off_ip4.png in Resources */,
				E623417316F995570003FB52 /* navi_reset_off_ip4.png in Resources */,
				E623417416F995570003FB52 /* navi_info2_off_ip4.png in Resources */,
				E623418D16F9E7430003FB52 /* select_box1.png in Resources */,
				E623418E16F9E7430003FB52 /* select_box2.png in Resources */,
				E623418F16F9E7430003FB52 /* select_box3.png in Resources */,
				E623419016F9E7430003FB52 /* select_box4.png in Resources */,
				E623419116F9E7430003FB52 /* select_box5.png in Resources */,
				E623419216F9E7430003FB52 /* select_box6.png in Resources */,
				E623419316F9E7430003FB52 /* paper1.png in Resources */,
				E623419416F9E7430003FB52 /* paper2.png in Resources */,
				E623419516F9E7430003FB52 /* paper3.png in Resources */,
				E623419616F9E7430003FB52 /* paper4.png in Resources */,
				E623419716F9E7430003FB52 /* paper5.png in Resources */,
				E623419816F9E7430003FB52 /* paper6.png in Resources */,
				E623419916F9E7430003FB52 /* select_solution01.png in Resources */,
				E623419A16F9E7430003FB52 /* select_solution02.png in Resources */,
				E623419B16F9E7430003FB52 /* select_solution03.png in Resources */,
				E623419C16F9E7430003FB52 /* select_solution04.png in Resources */,
				E623419D16F9E7430003FB52 /* select_solution05.png in Resources */,
				E623419E16F9E7430003FB52 /* select_solution06.png in Resources */,
				E623419F16F9E7430003FB52 /* select_solution07.png in Resources */,
				E62341A016F9E7430003FB52 /* select_solution08.png in Resources */,
				E62341A116F9E7430003FB52 /* select_solution09.png in Resources */,
				E62341A316FA0B890003FB52 /* beaker_off_ip4.png in Resources */,
				E62341A516FA151F0003FB52 /* stee_big_off_ip4.png in Resources */,
				E62341A716FA99640003FB52 /* pincette_off_ip4.png in Resources */,
				E62341AF16FAD3290003FB52 /* VenusSelectDetailViewController.xib in Resources */,
				211B2F9116FEDFDD002F5FD7 /* paper_preview_1.png in Resources */,
				211B2F9216FEDFDD002F5FD7 /* paper_preview_2.png in Resources */,
				211B2F9316FEDFDD002F5FD7 /* paper_preview_3.png in Resources */,
				211B2F9416FEDFDD002F5FD7 /* paper_preview_4.png in Resources */,
				211B2F9516FEDFDD002F5FD7 /* paper_preview_5.png in Resources */,
				211B2F9616FEDFDD002F5FD7 /* paper_preview_6.png in Resources */,
				211B2F9A16FFDCEF002F5FD7 /* select_box0.png in Resources */,
				211B2F9C16FFE761002F5FD7 /* paper_preview_0.png in Resources */,
				E61A8330170311680062071F /* progress_fill_1.png in Resources */,
				E61A833C170338C50062071F /* progress_fill_2.png in Resources */,
				E61A83411709CD0E0062071F /* film_table_ip4.png in Resources */,
			);
			runOnlyForDeploymentPostprocessing = 0;
		};
/* End PBXResourcesBuildPhase section */

/* Begin PBXSourcesBuildPhase section */
		21B3B50F16E43C76008A1D15 /* Sources */ = {
			isa = PBXSourcesBuildPhase;
			buildActionMask = 2147483647;
			files = (
				21B3B52316E43C76008A1D15 /* main.m in Sources */,
				21B3B52716E43C76008A1D15 /* VenusAppDelegate.m in Sources */,
				21B3B54916E44C95008A1D15 /* VenusMainViewController.m in Sources */,
				21B3B54E16E46B97008A1D15 /* VenusFilmGroupViewController.m in Sources */,
				215EF5EB16E48F6D0043C029 /* ThumbnailImageView.m in Sources */,
				215EF5F416E496450043C029 /* AlbumContentsViewController.m in Sources */,
				215EF5F916E4968C0043C029 /* AlbumContentsTableViewCell.m in Sources */,
				E69B165A16EC43D10075365E /* GlobalDataManager.m in Sources */,
				E6F9BDC816EDF193002241FA /* VenusAlbumPageViewController.m in Sources */,
				E6F9BDD116EDFCF8002241FA /* ContentViewController.m in Sources */,
				E6F9BDDB16EF742B002241FA /* VenusAlbumDetailViewController.m in Sources */,
				E6C8FC6D16F096DB00D86CC1 /* VenusPersistList.m in Sources */,
				E62341AE16FAD3290003FB52 /* VenusSelectDetailViewController.m in Sources */,
				E61A832E1701B4490062071F /* VenusScroll.m in Sources */,
				E61A83331703118C0062071F /* VenusProgressViewController.m in Sources */,
				E61A833F1703CF630062071F /* chemicalAnimation.m in Sources */,
			);
			runOnlyForDeploymentPostprocessing = 0;
		};
/* End PBXSourcesBuildPhase section */

/* Begin PBXVariantGroup section */
		21B3B51F16E43C76008A1D15 /* InfoPlist.strings */ = {
			isa = PBXVariantGroup;
			children = (
				21B3B52016E43C76008A1D15 /* en */,
				E6DA5AB316E4E563008A989A /* ko */,
			);
			name = InfoPlist.strings;
			sourceTree = "<group>";
		};
		E6DA5AB816E4EC3D008A989A /* Localizable.strings */ = {
			isa = PBXVariantGroup;
			children = (
				E6DA5AB716E4EC3D008A989A /* en */,
				E6DA5AB916E4EC44008A989A /* ko */,
			);
			name = Localizable.strings;
			sourceTree = "<group>";
		};
/* End PBXVariantGroup section */

/* Begin XCBuildConfiguration section */
		21B3B53A16E43C76008A1D15 /* Debug */ = {
			isa = XCBuildConfiguration;
			buildSettings = {
				ALWAYS_SEARCH_USER_PATHS = NO;
				CLANG_CXX_LANGUAGE_STANDARD = "gnu++0x";
				CLANG_CXX_LIBRARY = "libc++";
				CLANG_ENABLE_OBJC_ARC = YES;
				CLANG_WARN_CONSTANT_CONVERSION = YES;
				CLANG_WARN_EMPTY_BODY = YES;
				CLANG_WARN_ENUM_CONVERSION = YES;
				CLANG_WARN_INT_CONVERSION = YES;
				CLANG_WARN__DUPLICATE_METHOD_MATCH = YES;
				"CODE_SIGN_IDENTITY[sdk=iphoneos*]" = "iPhone Developer";
				COPY_PHASE_STRIP = NO;
				GCC_C_LANGUAGE_STANDARD = gnu99;
				GCC_DYNAMIC_NO_PIC = NO;
				GCC_OPTIMIZATION_LEVEL = 0;
				GCC_PREPROCESSOR_DEFINITIONS = (
					"DEBUG=1",
					"$(inherited)",
				);
				GCC_SYMBOLS_PRIVATE_EXTERN = NO;
				GCC_WARN_ABOUT_RETURN_TYPE = YES;
				GCC_WARN_UNINITIALIZED_AUTOS = YES;
				GCC_WARN_UNUSED_VARIABLE = YES;
				IPHONEOS_DEPLOYMENT_TARGET = 5.0;
				ONLY_ACTIVE_ARCH = YES;
				SDKROOT = iphoneos;
			};
			name = Debug;
		};
		21B3B53B16E43C76008A1D15 /* Release */ = {
			isa = XCBuildConfiguration;
			buildSettings = {
				ALWAYS_SEARCH_USER_PATHS = NO;
				CLANG_CXX_LANGUAGE_STANDARD = "gnu++0x";
				CLANG_CXX_LIBRARY = "libc++";
				CLANG_ENABLE_OBJC_ARC = YES;
				CLANG_WARN_CONSTANT_CONVERSION = YES;
				CLANG_WARN_EMPTY_BODY = YES;
				CLANG_WARN_ENUM_CONVERSION = YES;
				CLANG_WARN_INT_CONVERSION = YES;
				CLANG_WARN__DUPLICATE_METHOD_MATCH = YES;
				"CODE_SIGN_IDENTITY[sdk=iphoneos*]" = "iPhone Developer";
				COPY_PHASE_STRIP = YES;
				GCC_C_LANGUAGE_STANDARD = gnu99;
				GCC_WARN_ABOUT_RETURN_TYPE = YES;
				GCC_WARN_UNINITIALIZED_AUTOS = YES;
				GCC_WARN_UNUSED_VARIABLE = YES;
				IPHONEOS_DEPLOYMENT_TARGET = 5.0;
				OTHER_CFLAGS = "-DNS_BLOCK_ASSERTIONS=1";
				SDKROOT = iphoneos;
				VALIDATE_PRODUCT = YES;
			};
			name = Release;
		};
		21B3B53D16E43C76008A1D15 /* Debug */ = {
			isa = XCBuildConfiguration;
			buildSettings = {
				GCC_PRECOMPILE_PREFIX_HEADER = YES;
				GCC_PREFIX_HEADER = "PhotoFarm/PhotoFarm-Prefix.pch";
				INFOPLIST_FILE = "PhotoFarm/PhotoFarm-Info.plist";
				IPHONEOS_DEPLOYMENT_TARGET = 5.0;
				PRODUCT_NAME = "$(TARGET_NAME)";
				WRAPPER_EXTENSION = app;
			};
			name = Debug;
		};
		21B3B53E16E43C76008A1D15 /* Release */ = {
			isa = XCBuildConfiguration;
			buildSettings = {
				GCC_PRECOMPILE_PREFIX_HEADER = YES;
				GCC_PREFIX_HEADER = "PhotoFarm/PhotoFarm-Prefix.pch";
				INFOPLIST_FILE = "PhotoFarm/PhotoFarm-Info.plist";
				IPHONEOS_DEPLOYMENT_TARGET = 5.0;
				PRODUCT_NAME = "$(TARGET_NAME)";
				WRAPPER_EXTENSION = app;
			};
			name = Release;
		};
/* End XCBuildConfiguration section */

/* Begin XCConfigurationList section */
		21B3B50E16E43C76008A1D15 /* Build configuration list for PBXProject "PhotoFarm" */ = {
			isa = XCConfigurationList;
			buildConfigurations = (
				21B3B53A16E43C76008A1D15 /* Debug */,
				21B3B53B16E43C76008A1D15 /* Release */,
			);
			defaultConfigurationIsVisible = 0;
			defaultConfigurationName = Debug;
		};
		21B3B53C16E43C76008A1D15 /* Build configuration list for PBXNativeTarget "PhotoFarm" */ = {
			isa = XCConfigurationList;
			buildConfigurations = (
				21B3B53D16E43C76008A1D15 /* Debug */,
				21B3B53E16E43C76008A1D15 /* Release */,
			);
			defaultConfigurationIsVisible = 0;
			defaultConfigurationName = Debug;
		};
/* End XCConfigurationList section */
	};
	rootObject = 21B3B50B16E43C76008A1D15 /* Project object */;
}
